
Microsoft Visual Studio Solution File, Format Version 12.00
Project("{FAE04EC0-301F-11D3-BF4B-00C04F79EFBC}") = "AccountManagementSystem-ClassLibrary-DataAccessLayer", "DataAccessLayers\AccountManagementSystem-ClassLibrary-DataAccessLayer\AccountManagementSystem-ClassLibrary-DataAccessLayer.csproj", "{024949A6-7490-4EEF-B848-6D7DBB42655D}"
EndProject
Project("{FAE04EC0-301F-11D3-BF4B-00C04F79EFBC}") = "ClientManagementSystem-ClassLibrary-DataAccessLayer", "DataAccessLayers\ClientManagementSystem-ClassLibrary-DataAccessLayer\ClientManagementSystem-ClassLibrary-DataAccessLayer.csproj", "{7C99563F-9D32-432C-8155-6529FF7F7685}"
EndProject
Global
	GlobalSection(SolutionConfigurationPlatforms) = preSolution
		Debug|Any CPU = Debug|Any CPU
		Release|Any CPU = Release|Any CPU
	EndGlobalSection
	GlobalSection(ProjectConfigurationPlatforms) = postSolution
		{024949A6-7490-4EEF-B848-6D7DBB42655D}.Debug|Any CPU.ActiveCfg = Debug|Any CPU
		{024949A6-7490-4EEF-B848-6D7DBB42655D}.Debug|Any CPU.Build.0 = Debug|Any CPU
		{024949A6-7490-4EEF-B848-6D7DBB42655D}.Release|Any CPU.ActiveCfg = Release|Any CPU
		{024949A6-7490-4EEF-B848-6D7DBB42655D}.Release|Any CPU.Build.0 = Release|Any CPU
		{7C99563F-9D32-432C-8155-6529FF7F7685}.Debug|Any CPU.ActiveCfg = Debug|Any CPU
		{7C99563F-9D32-432C-8155-6529FF7F7685}.Debug|Any CPU.Build.0 = Debug|Any CPU
		{7C99563F-9D32-432C-8155-6529FF7F7685}.Release|Any CPU.ActiveCfg = Release|Any CPU
		{7C99563F-9D32-432C-8155-6529FF7F7685}.Release|Any CPU.Build.0 = Release|Any CPU
	EndGlobalSection
EndGlobal
